// !$*UTF8*$!
{
	archiveVersion = 1;
	classes = {
	};
	objectVersion = 50;
	objects = {

/* Begin PBXBuildFile section */
		B08DE5E224098FC900E87156 /* AppDelegate.swift in Sources */ = {isa = PBXBuildFile; fileRef = B08DE5E124098FC900E87156 /* AppDelegate.swift */; };
		B08DE5E424098FC900E87156 /* SceneDelegate.swift in Sources */ = {isa = PBXBuildFile; fileRef = B08DE5E324098FC900E87156 /* SceneDelegate.swift */; };
		B08DE5E624098FC900E87156 /* ViewController.swift in Sources */ = {isa = PBXBuildFile; fileRef = B08DE5E524098FC900E87156 /* ViewController.swift */; };
		B08DE5EB24098FCA00E87156 /* Assets.xcassets in Resources */ = {isa = PBXBuildFile; fileRef = B08DE5EA24098FCA00E87156 /* Assets.xcassets */; };
		B08DE5EE24098FCA00E87156 /* LaunchScreen.storyboard in Resources */ = {isa = PBXBuildFile; fileRef = B08DE5EC24098FCA00E87156 /* LaunchScreen.storyboard */; };
		B08DE5F924098FCA00E87156 /* Jet2TravelTests.swift in Sources */ = {isa = PBXBuildFile; fileRef = B08DE5F824098FCA00E87156 /* Jet2TravelTests.swift */; };
		B08DE610240A625A00E87156 /* EndPointType.swift in Sources */ = {isa = PBXBuildFile; fileRef = B08DE60F240A625A00E87156 /* EndPointType.swift */; };
		B08DE612240A62BB00E87156 /* HTTPMethod.swift in Sources */ = {isa = PBXBuildFile; fileRef = B08DE611240A62BB00E87156 /* HTTPMethod.swift */; };
		B08DE614240A634C00E87156 /* HTTPTask.swift in Sources */ = {isa = PBXBuildFile; fileRef = B08DE613240A634C00E87156 /* HTTPTask.swift */; };
		B08DE616240A640500E87156 /* ParameterEncoding.swift in Sources */ = {isa = PBXBuildFile; fileRef = B08DE615240A640500E87156 /* ParameterEncoding.swift */; };
		B08DE618240A653900E87156 /* NetworkError.swift in Sources */ = {isa = PBXBuildFile; fileRef = B08DE617240A653900E87156 /* NetworkError.swift */; };
		B08DE61A240A661800E87156 /* URLParameterEncoder.swift in Sources */ = {isa = PBXBuildFile; fileRef = B08DE619240A661800E87156 /* URLParameterEncoder.swift */; };
		B08DE61C240A685400E87156 /* JSONParameterEncoder.swift in Sources */ = {isa = PBXBuildFile; fileRef = B08DE61B240A685400E87156 /* JSONParameterEncoder.swift */; };
		B08DE61E240A6B4800E87156 /* NetworkRouter.swift in Sources */ = {isa = PBXBuildFile; fileRef = B08DE61D240A6B4800E87156 /* NetworkRouter.swift */; };
		B08DE620240A6D4300E87156 /* Router.swift in Sources */ = {isa = PBXBuildFile; fileRef = B08DE61F240A6D4300E87156 /* Router.swift */; };
		B08DE622240A751300E87156 /* ApplicationEndPoints.swift in Sources */ = {isa = PBXBuildFile; fileRef = B08DE621240A751300E87156 /* ApplicationEndPoints.swift */; };
		B08DE624240A767300E87156 /* NetworkManager.swift in Sources */ = {isa = PBXBuildFile; fileRef = B08DE623240A767300E87156 /* NetworkManager.swift */; };
		B08DE626240A783F00E87156 /* NetworkResponse.swift in Sources */ = {isa = PBXBuildFile; fileRef = B08DE625240A783F00E87156 /* NetworkResponse.swift */; };
		B08DE628240A78EC00E87156 /* Result.swift in Sources */ = {isa = PBXBuildFile; fileRef = B08DE627240A78EC00E87156 /* Result.swift */; };
		B08DE62A240AFE1A00E87156 /* Employee.swift in Sources */ = {isa = PBXBuildFile; fileRef = B08DE629240AFE1A00E87156 /* Employee.swift */; };
		B08DE62C240B059D00E87156 /* ViewController.xib in Resources */ = {isa = PBXBuildFile; fileRef = B08DE62B240B059D00E87156 /* ViewController.xib */; };
/* End PBXBuildFile section */

/* Begin PBXContainerItemProxy section */
		B08DE5F524098FCA00E87156 /* PBXContainerItemProxy */ = {
			isa = PBXContainerItemProxy;
			containerPortal = B08DE5D624098FC900E87156 /* Project object */;
			proxyType = 1;
			remoteGlobalIDString = B08DE5DD24098FC900E87156;
			remoteInfo = Jet2Travel;
		};
/* End PBXContainerItemProxy section */

/* Begin PBXFileReference section */
		B08DE5DE24098FC900E87156 /* Jet2Travel.app */ = {isa = PBXFileReference; explicitFileType = wrapper.application; includeInIndex = 0; path = Jet2Travel.app; sourceTree = BUILT_PRODUCTS_DIR; };
		B08DE5E124098FC900E87156 /* AppDelegate.swift */ = {isa = PBXFileReference; lastKnownFileType = sourcecode.swift; path = AppDelegate.swift; sourceTree = "<group>"; };
		B08DE5E324098FC900E87156 /* SceneDelegate.swift */ = {isa = PBXFileReference; lastKnownFileType = sourcecode.swift; path = SceneDelegate.swift; sourceTree = "<group>"; };
		B08DE5E524098FC900E87156 /* ViewController.swift */ = {isa = PBXFileReference; lastKnownFileType = sourcecode.swift; path = ViewController.swift; sourceTree = "<group>"; };
		B08DE5EA24098FCA00E87156 /* Assets.xcassets */ = {isa = PBXFileReference; lastKnownFileType = folder.assetcatalog; path = Assets.xcassets; sourceTree = "<group>"; };
		B08DE5ED24098FCA00E87156 /* Base */ = {isa = PBXFileReference; lastKnownFileType = file.storyboard; name = Base; path = Base.lproj/LaunchScreen.storyboard; sourceTree = "<group>"; };
		B08DE5EF24098FCA00E87156 /* Info.plist */ = {isa = PBXFileReference; lastKnownFileType = text.plist.xml; path = Info.plist; sourceTree = "<group>"; };
		B08DE5F424098FCA00E87156 /* Jet2TravelTests.xctest */ = {isa = PBXFileReference; explicitFileType = wrapper.cfbundle; includeInIndex = 0; path = Jet2TravelTests.xctest; sourceTree = BUILT_PRODUCTS_DIR; };
		B08DE5F824098FCA00E87156 /* Jet2TravelTests.swift */ = {isa = PBXFileReference; lastKnownFileType = sourcecode.swift; path = Jet2TravelTests.swift; sourceTree = "<group>"; };
		B08DE5FA24098FCA00E87156 /* Info.plist */ = {isa = PBXFileReference; lastKnownFileType = text.plist.xml; path = Info.plist; sourceTree = "<group>"; };
		B08DE60F240A625A00E87156 /* EndPointType.swift */ = {isa = PBXFileReference; lastKnownFileType = sourcecode.swift; path = EndPointType.swift; sourceTree = "<group>"; };
		B08DE611240A62BB00E87156 /* HTTPMethod.swift */ = {isa = PBXFileReference; lastKnownFileType = sourcecode.swift; path = HTTPMethod.swift; sourceTree = "<group>"; };
		B08DE613240A634C00E87156 /* HTTPTask.swift */ = {isa = PBXFileReference; lastKnownFileType = sourcecode.swift; path = HTTPTask.swift; sourceTree = "<group>"; };
		B08DE615240A640500E87156 /* ParameterEncoding.swift */ = {isa = PBXFileReference; lastKnownFileType = sourcecode.swift; path = ParameterEncoding.swift; sourceTree = "<group>"; };
		B08DE617240A653900E87156 /* NetworkError.swift */ = {isa = PBXFileReference; lastKnownFileType = sourcecode.swift; path = NetworkError.swift; sourceTree = "<group>"; };
		B08DE619240A661800E87156 /* URLParameterEncoder.swift */ = {isa = PBXFileReference; lastKnownFileType = sourcecode.swift; path = URLParameterEncoder.swift; sourceTree = "<group>"; };
		B08DE61B240A685400E87156 /* JSONParameterEncoder.swift */ = {isa = PBXFileReference; lastKnownFileType = sourcecode.swift; path = JSONParameterEncoder.swift; sourceTree = "<group>"; };
		B08DE61D240A6B4800E87156 /* NetworkRouter.swift */ = {isa = PBXFileReference; lastKnownFileType = sourcecode.swift; path = NetworkRouter.swift; sourceTree = "<group>"; };
		B08DE61F240A6D4300E87156 /* Router.swift */ = {isa = PBXFileReference; lastKnownFileType = sourcecode.swift; path = Router.swift; sourceTree = "<group>"; };
		B08DE621240A751300E87156 /* ApplicationEndPoints.swift */ = {isa = PBXFileReference; lastKnownFileType = sourcecode.swift; path = ApplicationEndPoints.swift; sourceTree = "<group>"; };
		B08DE623240A767300E87156 /* NetworkManager.swift */ = {isa = PBXFileReference; lastKnownFileType = sourcecode.swift; path = NetworkManager.swift; sourceTree = "<group>"; };
		B08DE625240A783F00E87156 /* NetworkResponse.swift */ = {isa = PBXFileReference; lastKnownFileType = sourcecode.swift; path = NetworkResponse.swift; sourceTree = "<group>"; };
		B08DE627240A78EC00E87156 /* Result.swift */ = {isa = PBXFileReference; lastKnownFileType = sourcecode.swift; path = Result.swift; sourceTree = "<group>"; };
		B08DE629240AFE1A00E87156 /* Employee.swift */ = {isa = PBXFileReference; lastKnownFileType = sourcecode.swift; path = Employee.swift; sourceTree = "<group>"; };
		B08DE62B240B059D00E87156 /* ViewController.xib */ = {isa = PBXFileReference; lastKnownFileType = file.xib; path = ViewController.xib; sourceTree = "<group>"; };
/* End PBXFileReference section */

/* Begin PBXFrameworksBuildPhase section */
		B08DE5DB24098FC900E87156 /* Frameworks */ = {
			isa = PBXFrameworksBuildPhase;
			buildActionMask = 2147483647;
			files = (
			);
			runOnlyForDeploymentPostprocessing = 0;
		};
		B08DE5F124098FCA00E87156 /* Frameworks */ = {
			isa = PBXFrameworksBuildPhase;
			buildActionMask = 2147483647;
			files = (
			);
			runOnlyForDeploymentPostprocessing = 0;
		};
/* End PBXFrameworksBuildPhase section */

/* Begin PBXGroup section */
		B08DE5D524098FC900E87156 = {
			isa = PBXGroup;
			children = (
				B08DE5E024098FC900E87156 /* Jet2Travel */,
				B08DE5F724098FCA00E87156 /* Jet2TravelTests */,
				B08DE5DF24098FC900E87156 /* Products */,
			);
			sourceTree = "<group>";
		};
		B08DE5DF24098FC900E87156 /* Products */ = {
			isa = PBXGroup;
			children = (
				B08DE5DE24098FC900E87156 /* Jet2Travel.app */,
				B08DE5F424098FCA00E87156 /* Jet2TravelTests.xctest */,
			);
			name = Products;
			sourceTree = "<group>";
		};
		B08DE5E024098FC900E87156 /* Jet2Travel */ = {
			isa = PBXGroup;
			children = (
				B08DE603240994F600E87156 /* ViewControllers */,
				B08DE6052409950C00E87156 /* Models */,
				B08DE608240995CD00E87156 /* Extensions */,
				B08DE6072409951F00E87156 /* Utils */,
				B08DE6062409951200E87156 /* NetworkHelpers */,
				B08DE5EA24098FCA00E87156 /* Assets.xcassets */,
				B08DE5EC24098FCA00E87156 /* LaunchScreen.storyboard */,
				B08DE5EF24098FCA00E87156 /* Info.plist */,
			);
			path = Jet2Travel;
			sourceTree = "<group>";
		};
		B08DE5F724098FCA00E87156 /* Jet2TravelTests */ = {
			isa = PBXGroup;
			children = (
				B08DE5F824098FCA00E87156 /* Jet2TravelTests.swift */,
				B08DE5FA24098FCA00E87156 /* Info.plist */,
			);
			path = Jet2TravelTests;
			sourceTree = "<group>";
		};
		B08DE603240994F600E87156 /* ViewControllers */ = {
			isa = PBXGroup;
			children = (
				B08DE5E524098FC900E87156 /* ViewController.swift */,
				B08DE62B240B059D00E87156 /* ViewController.xib */,
			);
			path = ViewControllers;
			sourceTree = "<group>";
		};
		B08DE6052409950C00E87156 /* Models */ = {
			isa = PBXGroup;
			children = (
				B08DE629240AFE1A00E87156 /* Employee.swift */,
			);
			path = Models;
			sourceTree = "<group>";
		};
		B08DE6062409951200E87156 /* NetworkHelpers */ = {
			isa = PBXGroup;
			children = (
				B08DE60D240A621F00E87156 /* Service */,
				B08DE60B240A620400E87156 /* EndPoint */,
				B08DE60C240A621800E87156 /* Manager */,
				B08DE60E240A622900E87156 /* Encoding */,
			);
			path = NetworkHelpers;
			sourceTree = "<group>";
		};
		B08DE6072409951F00E87156 /* Utils */ = {
			isa = PBXGroup;
			children = (
				B08DE5E124098FC900E87156 /* AppDelegate.swift */,
				B08DE5E324098FC900E87156 /* SceneDelegate.swift */,
			);
			path = Utils;
			sourceTree = "<group>";
		};
		B08DE608240995CD00E87156 /* Extensions */ = {
			isa = PBXGroup;
			children = (
			);
			path = Extensions;
			sourceTree = "<group>";
		};
		B08DE60B240A620400E87156 /* EndPoint */ = {
			isa = PBXGroup;
			children = (
				B08DE621240A751300E87156 /* ApplicationEndPoints.swift */,
			);
			path = EndPoint;
			sourceTree = "<group>";
		};
		B08DE60C240A621800E87156 /* Manager */ = {
			isa = PBXGroup;
			children = (
				B08DE623240A767300E87156 /* NetworkManager.swift */,
				B08DE625240A783F00E87156 /* NetworkResponse.swift */,
				B08DE627240A78EC00E87156 /* Result.swift */,
			);
			path = Manager;
			sourceTree = "<group>";
		};
		B08DE60D240A621F00E87156 /* Service */ = {
			isa = PBXGroup;
			children = (
				B08DE60F240A625A00E87156 /* EndPointType.swift */,
				B08DE611240A62BB00E87156 /* HTTPMethod.swift */,
				B08DE613240A634C00E87156 /* HTTPTask.swift */,
				B08DE61D240A6B4800E87156 /* NetworkRouter.swift */,
				B08DE61F240A6D4300E87156 /* Router.swift */,
			);
			path = Service;
			sourceTree = "<group>";
		};
		B08DE60E240A622900E87156 /* Encoding */ = {
			isa = PBXGroup;
			children = (
				B08DE615240A640500E87156 /* ParameterEncoding.swift */,
				B08DE617240A653900E87156 /* NetworkError.swift */,
				B08DE619240A661800E87156 /* URLParameterEncoder.swift */,
				B08DE61B240A685400E87156 /* JSONParameterEncoder.swift */,
			);
			path = Encoding;
			sourceTree = "<group>";
		};
/* End PBXGroup section */

/* Begin PBXNativeTarget section */
		B08DE5DD24098FC900E87156 /* Jet2Travel */ = {
			isa = PBXNativeTarget;
			buildConfigurationList = B08DE5FD24098FCA00E87156 /* Build configuration list for PBXNativeTarget "Jet2Travel" */;
			buildPhases = (
				B08DE5DA24098FC900E87156 /* Sources */,
				B08DE5DB24098FC900E87156 /* Frameworks */,
				B08DE5DC24098FC900E87156 /* Resources */,
			);
			buildRules = (
			);
			dependencies = (
			);
			name = Jet2Travel;
			productName = Jet2Travel;
			productReference = B08DE5DE24098FC900E87156 /* Jet2Travel.app */;
			productType = "com.apple.product-type.application";
		};
		B08DE5F324098FCA00E87156 /* Jet2TravelTests */ = {
			isa = PBXNativeTarget;
			buildConfigurationList = B08DE60024098FCA00E87156 /* Build configuration list for PBXNativeTarget "Jet2TravelTests" */;
			buildPhases = (
				B08DE5F024098FCA00E87156 /* Sources */,
				B08DE5F124098FCA00E87156 /* Frameworks */,
				B08DE5F224098FCA00E87156 /* Resources */,
			);
			buildRules = (
			);
			dependencies = (
				B08DE5F624098FCA00E87156 /* PBXTargetDependency */,
			);
			name = Jet2TravelTests;
			productName = Jet2TravelTests;
			productReference = B08DE5F424098FCA00E87156 /* Jet2TravelTests.xctest */;
			productType = "com.apple.product-type.bundle.unit-test";
		};
/* End PBXNativeTarget section */

/* Begin PBXProject section */
		B08DE5D624098FC900E87156 /* Project object */ = {
			isa = PBXProject;
			attributes = {
				LastSwiftUpdateCheck = 1130;
				LastUpgradeCheck = 1130;
				ORGANIZATIONNAME = prabhakar;
				TargetAttributes = {
					B08DE5DD24098FC900E87156 = {
						CreatedOnToolsVersion = 11.3.1;
					};
					B08DE5F324098FCA00E87156 = {
						CreatedOnToolsVersion = 11.3.1;
						TestTargetID = B08DE5DD24098FC900E87156;
					};
				};
			};
			buildConfigurationList = B08DE5D924098FC900E87156 /* Build configuration list for PBXProject "Jet2Travel" */;
			compatibilityVersion = "Xcode 9.3";
			developmentRegion = en;
			hasScannedForEncodings = 0;
			knownRegions = (
				en,
				Base,
			);
			mainGroup = B08DE5D524098FC900E87156;
			productRefGroup = B08DE5DF24098FC900E87156 /* Products */;
			projectDirPath = "";
			projectRoot = "";
			targets = (
				B08DE5DD24098FC900E87156 /* Jet2Travel */,
				B08DE5F324098FCA00E87156 /* Jet2TravelTests */,
			);
		};
/* End PBXProject section */

/* Begin PBXResourcesBuildPhase section */
		B08DE5DC24098FC900E87156 /* Resources */ = {
			isa = PBXResourcesBuildPhase;
			buildActionMask = 2147483647;
			files = (
				B08DE5EE24098FCA00E87156 /* LaunchScreen.storyboard in Resources */,
				B08DE62C240B059D00E87156 /* ViewController.xib in Resources */,
				B08DE5EB24098FCA00E87156 /* Assets.xcassets in Resources */,
			);
			runOnlyForDeploymentPostprocessing = 0;
		};
		B08DE5F224098FCA00E87156 /* Resources */ = {
			isa = PBXResourcesBuildPhase;
			buildActionMask = 2147483647;
			files = (
			);
			runOnlyForDeploymentPostprocessing = 0;
		};
/* End PBXResourcesBuildPhase section */

/* Begin PBXSourcesBuildPhase section */
		B08DE5DA24098FC900E87156 /* Sources */ = {
			isa = PBXSourcesBuildPhase;
			buildActionMask = 2147483647;
			files = (
				B08DE61C240A685400E87156 /* JSONParameterEncoder.swift in Sources */,
				B08DE61E240A6B4800E87156 /* NetworkRouter.swift in Sources */,
				B08DE616240A640500E87156 /* ParameterEncoding.swift in Sources */,
				B08DE622240A751300E87156 /* ApplicationEndPoints.swift in Sources */,
				B08DE62A240AFE1A00E87156 /* Employee.swift in Sources */,
				B08DE618240A653900E87156 /* NetworkError.swift in Sources */,
				B08DE620240A6D4300E87156 /* Router.swift in Sources */,
				B08DE628240A78EC00E87156 /* Result.swift in Sources */,
				B08DE614240A634C00E87156 /* HTTPTask.swift in Sources */,
				B08DE610240A625A00E87156 /* EndPointType.swift in Sources */,
				B08DE5E624098FC900E87156 /* ViewController.swift in Sources */,
				B08DE5E224098FC900E87156 /* AppDelegate.swift in Sources */,
				B08DE624240A767300E87156 /* NetworkManager.swift in Sources */,
				B08DE626240A783F00E87156 /* NetworkResponse.swift in Sources */,
				B08DE612240A62BB00E87156 /* HTTPMethod.swift in Sources */,
				B08DE5E424098FC900E87156 /* SceneDelegate.swift in Sources */,
				B08DE61A240A661800E87156 /* URLParameterEncoder.swift in Sources */,
			);
			runOnlyForDeploymentPostprocessing = 0;
		};
		B08DE5F024098FCA00E87156 /* Sources */ = {
			isa = PBXSourcesBuildPhase;
			buildActionMask = 2147483647;
			files = (
				B08DE5F924098FCA00E87156 /* Jet2TravelTests.swift in Sources */,
			);
			runOnlyForDeploymentPostprocessing = 0;
		};
/* End PBXSourcesBuildPhase section */

/* Begin PBXTargetDependency section */
		B08DE5F624098FCA00E87156 /* PBXTargetDependency */ = {
			isa = PBXTargetDependency;
			target = B08DE5DD24098FC900E87156 /* Jet2Travel */;
			targetProxy = B08DE5F524098FCA00E87156 /* PBXContainerItemProxy */;
		};
/* End PBXTargetDependency section */

/* Begin PBXVariantGroup section */
		B08DE5EC24098FCA00E87156 /* LaunchScreen.storyboard */ = {
			isa = PBXVariantGroup;
			children = (
				B08DE5ED24098FCA00E87156 /* Base */,
			);
			name = LaunchScreen.storyboard;
			sourceTree = "<group>";
		};
/* End PBXVariantGroup section */

/* Begin XCBuildConfiguration section */
		B08DE5FB24098FCA00E87156 /* Debug */ = {
			isa = XCBuildConfiguration;
			buildSettings = {
				ALWAYS_SEARCH_USER_PATHS = NO;
				CLANG_ANALYZER_NONNULL = YES;
				CLANG_ANALYZER_NUMBER_OBJECT_CONVERSION = YES_AGGRESSIVE;
				CLANG_CXX_LANGUAGE_STANDARD = "gnu++14";
				CLANG_CXX_LIBRARY = "libc++";
				CLANG_ENABLE_MODULES = YES;
				CLANG_ENABLE_OBJC_ARC = YES;
				CLANG_ENABLE_OBJC_WEAK = YES;
				CLANG_WARN_BLOCK_CAPTURE_AUTORELEASING = YES;
				CLANG_WARN_BOOL_CONVERSION = YES;
				CLANG_WARN_COMMA = YES;
				CLANG_WARN_CONSTANT_CONVERSION = YES;
				CLANG_WARN_DEPRECATED_OBJC_IMPLEMENTATIONS = YES;
				CLANG_WARN_DIRECT_OBJC_ISA_USAGE = YES_ERROR;
				CLANG_WARN_DOCUMENTATION_COMMENTS = YES;
				CLANG_WARN_EMPTY_BODY = YES;
				CLANG_WARN_ENUM_CONVERSION = YES;
				CLANG_WARN_INFINITE_RECURSION = YES;
				CLANG_WARN_INT_CONVERSION = YES;
				CLANG_WARN_NON_LITERAL_NULL_CONVERSION = YES;
				CLANG_WARN_OBJC_IMPLICIT_RETAIN_SELF = YES;
				CLANG_WARN_OBJC_LITERAL_CONVERSION = YES;
				CLANG_WARN_OBJC_ROOT_CLASS = YES_ERROR;
				CLANG_WARN_RANGE_LOOP_ANALYSIS = YES;
				CLANG_WARN_STRICT_PROTOTYPES = YES;
				CLANG_WARN_SUSPICIOUS_MOVE = YES;
				CLANG_WARN_UNGUARDED_AVAILABILITY = YES_AGGRESSIVE;
				CLANG_WARN_UNREACHABLE_CODE = YES;
				CLANG_WARN__DUPLICATE_METHOD_MATCH = YES;
				COPY_PHASE_STRIP = NO;
				DEBUG_INFORMATION_FORMAT = dwarf;
				ENABLE_STRICT_OBJC_MSGSEND = YES;
				ENABLE_TESTABILITY = YES;
				GCC_C_LANGUAGE_STANDARD = gnu11;
				GCC_DYNAMIC_NO_PIC = NO;
				GCC_NO_COMMON_BLOCKS = YES;
				GCC_OPTIMIZATION_LEVEL = 0;
				GCC_PREPROCESSOR_DEFINITIONS = (
					"DEBUG=1",
					"$(inherited)",
				);
				GCC_WARN_64_TO_32_BIT_CONVERSION = YES;
				GCC_WARN_ABOUT_RETURN_TYPE = YES_ERROR;
				GCC_WARN_UNDECLARED_SELECTOR = YES;
				GCC_WARN_UNINITIALIZED_AUTOS = YES_AGGRESSIVE;
				GCC_WARN_UNUSED_FUNCTION = YES;
				GCC_WARN_UNUSED_VARIABLE = YES;
				IPHONEOS_DEPLOYMENT_TARGET = 13.2;
				MTL_ENABLE_DEBUG_INFO = INCLUDE_SOURCE;
				MTL_FAST_MATH = YES;
				ONLY_ACTIVE_ARCH = YES;
				SDKROOT = iphoneos;
				SWIFT_ACTIVE_COMPILATION_CONDITIONS = DEBUG;
				SWIFT_OPTIMIZATION_LEVEL = "-Onone";
			};
			name = Debug;
		};
		B08DE5FC24098FCA00E87156 /* Release */ = {
			isa = XCBuildConfiguration;
			buildSettings = {
				ALWAYS_SEARCH_USER_PATHS = NO;
				CLANG_ANALYZER_NONNULL = YES;
				CLANG_ANALYZER_NUMBER_OBJECT_CONVERSION = YES_AGGRESSIVE;
				CLANG_CXX_LANGUAGE_STANDARD = "gnu++14";
				CLANG_CXX_LIBRARY = "libc++";
				CLANG_ENABLE_MODULES = YES;
				CLANG_ENABLE_OBJC_ARC = YES;
				CLANG_ENABLE_OBJC_WEAK = YES;
				CLANG_WARN_BLOCK_CAPTURE_AUTORELEASING = YES;
				CLANG_WARN_BOOL_CONVERSION = YES;
				CLANG_WARN_COMMA = YES;
				CLANG_WARN_CONSTANT_CONVERSION = YES;
				CLANG_WARN_DEPRECATED_OBJC_IMPLEMENTATIONS = YES;
				CLANG_WARN_DIRECT_OBJC_ISA_USAGE = YES_ERROR;
				CLANG_WARN_DOCUMENTATION_COMMENTS = YES;
				CLANG_WARN_EMPTY_BODY = YES;
				CLANG_WARN_ENUM_CONVERSION = YES;
				CLANG_WARN_INFINITE_RECURSION = YES;
				CLANG_WARN_INT_CONVERSION = YES;
				CLANG_WARN_NON_LITERAL_NULL_CONVERSION = YES;
				CLANG_WARN_OBJC_IMPLICIT_RETAIN_SELF = YES;
				CLANG_WARN_OBJC_LITERAL_CONVERSION = YES;
				CLANG_WARN_OBJC_ROOT_CLASS = YES_ERROR;
				CLANG_WARN_RANGE_LOOP_ANALYSIS = YES;
				CLANG_WARN_STRICT_PROTOTYPES = YES;
				CLANG_WARN_SUSPICIOUS_MOVE = YES;
				CLANG_WARN_UNGUARDED_AVAILABILITY = YES_AGGRESSIVE;
				CLANG_WARN_UNREACHABLE_CODE = YES;
				CLANG_WARN__DUPLICATE_METHOD_MATCH = YES;
				COPY_PHASE_STRIP = NO;
				DEBUG_INFORMATION_FORMAT = "dwarf-with-dsym";
				ENABLE_NS_ASSERTIONS = NO;
				ENABLE_STRICT_OBJC_MSGSEND = YES;
				GCC_C_LANGUAGE_STANDARD = gnu11;
				GCC_NO_COMMON_BLOCKS = YES;
				GCC_WARN_64_TO_32_BIT_CONVERSION = YES;
				GCC_WARN_ABOUT_RETURN_TYPE = YES_ERROR;
				GCC_WARN_UNDECLARED_SELECTOR = YES;
				GCC_WARN_UNINITIALIZED_AUTOS = YES_AGGRESSIVE;
				GCC_WARN_UNUSED_FUNCTION = YES;
				GCC_WARN_UNUSED_VARIABLE = YES;
				IPHONEOS_DEPLOYMENT_TARGET = 13.2;
				MTL_ENABLE_DEBUG_INFO = NO;
				MTL_FAST_MATH = YES;
				SDKROOT = iphoneos;
				SWIFT_COMPILATION_MODE = wholemodule;
				SWIFT_OPTIMIZATION_LEVEL = "-O";
				VALIDATE_PRODUCT = YES;
			};
			name = Release;
		};
		B08DE5FE24098FCA00E87156 /* Debug */ = {
			isa = XCBuildConfiguration;
			buildSettings = {
				ASSETCATALOG_COMPILER_APPICON_NAME = AppIcon;
				CODE_SIGN_STYLE = Automatic;
				INFOPLIST_FILE = Jet2Travel/Info.plist;
				IPHONEOS_DEPLOYMENT_TARGET = 12.0;
				LD_RUNPATH_SEARCH_PATHS = (
					"$(inherited)",
					"@executable_path/Frameworks",
				);
				PRODUCT_BUNDLE_IDENTIFIER = com.prabhakar.Jet2Travel;
				PRODUCT_NAME = "$(TARGET_NAME)";
				SWIFT_VERSION = 5.0;
				TARGETED_DEVICE_FAMILY = 1;
			};
			name = Debug;
		};
		B08DE5FF24098FCA00E87156 /* Release */ = {
			isa = XCBuildConfiguration;
			buildSettings = {
				ASSETCATALOG_COMPILER_APPICON_NAME = AppIcon;
				CODE_SIGN_STYLE = Automatic;
				INFOPLIST_FILE = Jet2Travel/Info.plist;
				IPHONEOS_DEPLOYMENT_TARGET = 12.0;
				LD_RUNPATH_SEARCH_PATHS = (
					"$(inherited)",
					"@executable_path/Frameworks",
				);
				PRODUCT_BUNDLE_IDENTIFIER = com.prabhakar.Jet2Travel;
				PRODUCT_NAME = "$(TARGET_NAME)";
				SWIFT_VERSION = 5.0;
				TARGETED_DEVICE_FAMILY = 1;
			};
			name = Release;
		};
		B08DE60124098FCA00E87156 /* Debug */ = {
			isa = XCBuildConfiguration;
			buildSettings = {
				ALWAYS_EMBED_SWIFT_STANDARD_LIBRARIES = YES;
				BUNDLE_LOADER = "$(TEST_HOST)";
				CODE_SIGN_STYLE = Automatic;
				INFOPLIST_FILE = Jet2TravelTests/Info.plist;
				IPHONEOS_DEPLOYMENT_TARGET = 13.2;
				LD_RUNPATH_SEARCH_PATHS = (
					"$(inherited)",
					"@executable_path/Frameworks",
					"@loader_path/Frameworks",
				);
				PRODUCT_BUNDLE_IDENTIFIER = com.prabhakar.Jet2TravelTests;
				PRODUCT_NAME = "$(TARGET_NAME)";
				SWIFT_VERSION = 5.0;
				TARGETED_DEVICE_FAMILY = "1,2";
				TEST_HOST = "$(BUILT_PRODUCTS_DIR)/Jet2Travel.app/Jet2Travel";
			};
			name = Debug;
		};
		B08DE60224098FCA00E87156 /* Release */ = {
			isa = XCBuildConfiguration;
			buildSettings = {
				ALWAYS_EMBED_SWIFT_STANDARD_LIBRARIES = YES;
				BUNDLE_LOADER = "$(TEST_HOST)";
				CODE_SIGN_STYLE = Automatic;
				INFOPLIST_FILE = Jet2TravelTests/Info.plist;
				IPHONEOS_DEPLOYMENT_TARGET = 13.2;
				LD_RUNPATH_SEARCH_PATHS = (
					"$(inherited)",
					"@executable_path/Frameworks",
					"@loader_path/Frameworks",
				);
				PRODUCT_BUNDLE_IDENTIFIER = com.prabhakar.Jet2TravelTests;
				PRODUCT_NAME = "$(TARGET_NAME)";
				SWIFT_VERSION = 5.0;
				TARGETED_DEVICE_FAMILY = "1,2";
				TEST_HOST = "$(BUILT_PRODUCTS_DIR)/Jet2Travel.app/Jet2Travel";
			};
			name = Release;
		};
/* End XCBuildConfiguration section */

/* Begin XCConfigurationList section */
		B08DE5D924098FC900E87156 /* Build configuration list for PBXProject "Jet2Travel" */ = {
			isa = XCConfigurationList;
			buildConfigurations = (
				B08DE5FB24098FCA00E87156 /* Debug */,
				B08DE5FC24098FCA00E87156 /* Release */,
			);
			defaultConfigurationIsVisible = 0;
			defaultConfigurationName = Release;
		};
		B08DE5FD24098FCA00E87156 /* Build configuration list for PBXNativeTarget "Jet2Travel" */ = {
			isa = XCConfigurationList;
			buildConfigurations = (
				B08DE5FE24098FCA00E87156 /* Debug */,
				B08DE5FF24098FCA00E87156 /* Release */,
			);
			defaultConfigurationIsVisible = 0;
			defaultConfigurationName = Release;
		};
		B08DE60024098FCA00E87156 /* Build configuration list for PBXNativeTarget "Jet2TravelTests" */ = {
			isa = XCConfigurationList;
			buildConfigurations = (
				B08DE60124098FCA00E87156 /* Debug */,
				B08DE60224098FCA00E87156 /* Release */,
			);
			defaultConfigurationIsVisible = 0;
			defaultConfigurationName = Release;
		};
/* End XCConfigurationList section */
	};
	rootObject = B08DE5D624098FC900E87156 /* Project object */;
}
